
Microsoft Visual Studio Solution File, Format Version 12.00
# Visual Studio Version 17
VisualStudioVersion = 17.11.35312.102
MinimumVisualStudioVersion = 10.0.40219.1
Project("{FAE04EC0-301F-11D3-BF4B-00C04F79EFBC}") = "WebApplication1", "WebApplication1.csproj", "{AFCC1126-350D-444D-9F79-DCF5946C3AA0}"
EndProject
Global
	GlobalSection(SolutionConfigurationPlatforms) = preSolution
		Debug|Any CPU = Debug|Any CPU
		Release|Any CPU = Release|Any CPU
	EndGlobalSection
	GlobalSection(ProjectConfigurationPlatforms) = postSolution
		{AFCC1126-350D-444D-9F79-DCF5946C3AA0}.Debug|Any CPU.ActiveCfg = Debug|Any CPU
		{AFCC1126-350D-444D-9F79-DCF5946C3AA0}.Debug|Any CPU.Build.0 = Debug|Any CPU
		{AFCC1126-350D-444D-9F79-DCF5946C3AA0}.Release|Any CPU.ActiveCfg = Release|Any CPU
		{AFCC1126-350D-444D-9F79-DCF5946C3AA0}.Release|Any CPU.Build.0 = Release|Any CPU
	EndGlobalSection
	GlobalSection(SolutionProperties) = preSolution
		HideSolutionNode = FALSE
	EndGlobalSection
	GlobalSection(ExtensibilityGlobals) = postSolution
		SolutionGuid = {10460452-59E0-4486-A269-0E250BE56E21}
	EndGlobalSection
EndGlobal
